
Microsoft Visual Studio Solution File, Format Version 12.00
# Visual Studio 15
VisualStudioVersion = 15.0.26430.6
MinimumVisualStudioVersion = 10.0.40219.1
Project("{FAE04EC0-301F-11D3-BF4B-00C04F79EFBC}") = "Extensions", "Extensions\Extensions.csproj", "{57282C9A-859D-445B-A7B0-A2A9C90D7820}"
EndProject
Project("{FAE04EC0-301F-11D3-BF4B-00C04F79EFBC}") = "TestExensions", "TestExensions\TestExensions.csproj", "{BE4ECD7E-604C-42A7-B774-4CB3076F90A7}"
EndProject
Global
	GlobalSection(SolutionConfigurationPlatforms) = preSolution
		Debug|Any CPU = Debug|Any CPU
		Release|Any CPU = Release|Any CPU
	EndGlobalSection
	GlobalSection(ProjectConfigurationPlatforms) = postSolution
		{57282C9A-859D-445B-A7B0-A2A9C90D7820}.Debug|Any CPU.ActiveCfg = Debug|Any CPU
		{57282C9A-859D-445B-A7B0-A2A9C90D7820}.Debug|Any CPU.Build.0 = Debug|Any CPU
		{57282C9A-859D-445B-A7B0-A2A9C90D7820}.Release|Any CPU.ActiveCfg = Release|Any CPU
		{57282C9A-859D-445B-A7B0-A2A9C90D7820}.Release|Any CPU.Build.0 = Release|Any CPU
		{BE4ECD7E-604C-42A7-B774-4CB3076F90A7}.Debug|Any CPU.ActiveCfg = Debug|Any CPU
		{BE4ECD7E-604C-42A7-B774-4CB3076F90A7}.Debug|Any CPU.Build.0 = Debug|Any CPU
		{BE4ECD7E-604C-42A7-B774-4CB3076F90A7}.Release|Any CPU.ActiveCfg = Release|Any CPU
		{BE4ECD7E-604C-42A7-B774-4CB3076F90A7}.Release|Any CPU.Build.0 = Release|Any CPU
	EndGlobalSection
	GlobalSection(SolutionProperties) = preSolution
		HideSolutionNode = FALSE
	EndGlobalSection
EndGlobal
